
Microsoft Visual Studio Solution File, Format Version 12.00
# Visual Studio 15
VisualStudioVersion = 15.0.28307.539
MinimumVisualStudioVersion = 10.0.40219.1
Project("{FAE04EC0-301F-11D3-BF4B-00C04F79EFBC}") = "MMP", "MMP\MMP.csproj", "{D8FB3612-7966-493F-A5D1-A2CB00DFBDFD}"
EndProject
Global
	GlobalSection(SolutionConfigurationPlatforms) = preSolution
		Debug|Any CPU = Debug|Any CPU
		Release|Any CPU = Release|Any CPU
	EndGlobalSection
	GlobalSection(ProjectConfigurationPlatforms) = postSolution
		{D8FB3612-7966-493F-A5D1-A2CB00DFBDFD}.Debug|Any CPU.ActiveCfg = Debug|Any CPU
		{D8FB3612-7966-493F-A5D1-A2CB00DFBDFD}.Debug|Any CPU.Build.0 = Debug|Any CPU
		{D8FB3612-7966-493F-A5D1-A2CB00DFBDFD}.Release|Any CPU.ActiveCfg = Release|Any CPU
		{D8FB3612-7966-493F-A5D1-A2CB00DFBDFD}.Release|Any CPU.Build.0 = Release|Any CPU
	EndGlobalSection
	GlobalSection(SolutionProperties) = preSolution
		HideSolutionNode = FALSE
	EndGlobalSection
	GlobalSection(ExtensibilityGlobals) = postSolution
		SolutionGuid = {1CA69EC1-90A4-4A70-AF7E-871A3B9FC0E0}
	EndGlobalSection
EndGlobal
